
Microsoft Visual Studio Solution File, Format Version 12.00
# Visual Studio Version 17
VisualStudioVersion = 17.4.33403.182
MinimumVisualStudioVersion = 10.0.40219.1
Project("{FAE04EC0-301F-11D3-BF4B-00C04F79EFBC}") = "CustomList", "CustomList\CustomList.csproj", "{1A981630-FF9B-4F3C-805B-696B1863F14C}"
EndProject
Global
	GlobalSection(SolutionConfigurationPlatforms) = preSolution
		Debug|Any CPU = Debug|Any CPU
		Release|Any CPU = Release|Any CPU
	EndGlobalSection
	GlobalSection(ProjectConfigurationPlatforms) = postSolution
		{1A981630-FF9B-4F3C-805B-696B1863F14C}.Debug|Any CPU.ActiveCfg = Debug|Any CPU
		{1A981630-FF9B-4F3C-805B-696B1863F14C}.Debug|Any CPU.Build.0 = Debug|Any CPU
		{1A981630-FF9B-4F3C-805B-696B1863F14C}.Release|Any CPU.ActiveCfg = Release|Any CPU
		{1A981630-FF9B-4F3C-805B-696B1863F14C}.Release|Any CPU.Build.0 = Release|Any CPU
	EndGlobalSection
	GlobalSection(SolutionProperties) = preSolution
		HideSolutionNode = FALSE
	EndGlobalSection
	GlobalSection(ExtensibilityGlobals) = postSolution
		SolutionGuid = {2493A6BF-0E2F-4011-A105-6F3E8F945D3A}
	EndGlobalSection
EndGlobal
